{
  "version": 4,
  "terraform_version": "1.13.2",
  "serial": 41,
  "lineage": "af63c857-2d7f-3eb0-7826-1965259e8e6f",
  "outputs": {
    "api_invoke_url": {
      "value": "https://ooip62hbck.execute-api.us-east-2.amazonaws.com/prod",
      "type": "string"
    },
    "cloudfront_distribution_id": {
      "value": "E31S4TRZOICPDO",
      "type": "string"
    },
    "cloudfront_domain": {
      "value": "d1km1jwnrxbkh5.cloudfront.net",
      "type": "string"
    },
    "s3_bucket_name": {
      "value": "tts-project-azubi-priscillaon",
      "type": "string"
    },
    "s3_bucket_url": {
      "value": "tts-project-azubi-priscillaon.s3.us-east-2.amazonaws.com",
      "type": "string"
    }
  },
  "resources": [
    {
      "module": "module.api_gateway",
      "mode": "managed",
      "type": "aws_api_gateway_deployment",
      "name": "tts_deployment",
      "provider": "provider[\"registry.terraform.io/hashicorp/aws\"]",
      "instances": [
        {
          "schema_version": 0,
          "attributes": {
            "created_date": "2025-09-18T10:40:59Z",
            "description": "",
            "id": "2w9iur",
            "region": "us-east-2",
            "rest_api_id": "ooip62hbck",
            "triggers": null,
            "variables": null
          },
          "sensitive_attributes": [],
          "identity_schema_version": 0,
          "private": "bnVsbA==",
          "dependencies": [
            "module.api_gateway.aws_api_gateway_integration.tts_lambda",
            "module.api_gateway.aws_api_gateway_integration.tts_options",
            "module.api_gateway.aws_api_gateway_integration_response.options_integration_response",
            "module.api_gateway.aws_api_gateway_integration_response.post_cors",
            "module.api_gateway.aws_api_gateway_method.tts_options",
            "module.api_gateway.aws_api_gateway_method.tts_post",
            "module.api_gateway.aws_api_gateway_method_response.options_response",
            "module.api_gateway.aws_api_gateway_method_response.post_response",
            "module.api_gateway.aws_api_gateway_resource.tts_resource",
            "module.api_gateway.aws_api_gateway_rest_api.tts_api",
            "module.lambda.aws_iam_role.lambda_tts_project",
            "module.lambda.aws_lambda_function.polly_lambda",
            "module.s3_audio.aws_s3_bucket.audio_files"
          ]
        }
      ]
    },
    {
      "module": "module.api_gateway",
      "mode": "managed",
      "type": "aws_api_gateway_integration",
      "name": "tts_lambda",
      "provider": "provider[\"registry.terraform.io/hashicorp/aws\"]",
      "instances": [
        {
          "schema_version": 0,
          "attributes": {
            "cache_key_parameters": [],
            "cache_namespace": "qk4rs8",
            "connection_id": "",
            "connection_type": "INTERNET",
            "content_handling": "",
            "credentials": "",
            "http_method": "POST",
            "id": "agi-ooip62hbck-qk4rs8-POST",
            "integration_http_method": "POST",
            "passthrough_behavior": "WHEN_NO_MATCH",
            "region": "us-east-2",
            "request_parameters": {},
            "request_templates": {},
            "resource_id": "qk4rs8",
            "rest_api_id": "ooip62hbck",
            "timeout_milliseconds": 29000,
            "tls_config": [],
            "type": "AWS_PROXY",
            "uri": "arn:aws:apigateway:us-east-2:lambda:path/2015-03-31/functions/arn:aws:lambda:us-east-2:487620625761:function:tts-polly-lambda/invocations"
          },
          "sensitive_attributes": [],
          "identity_schema_version": 0,
          "private": "bnVsbA==",
          "dependencies": [
            "module.api_gateway.aws_api_gateway_method.tts_post",
            "module.api_gateway.aws_api_gateway_resource.tts_resource",
            "module.api_gateway.aws_api_gateway_rest_api.tts_api",
            "module.lambda.aws_iam_role.lambda_tts_project",
            "module.lambda.aws_lambda_function.polly_lambda",
            "module.s3_audio.aws_s3_bucket.audio_files"
          ]
        }
      ]
    },
    {
      "module": "module.api_gateway",
      "mode": "managed",
      "type": "aws_api_gateway_integration",
      "name": "tts_options",
      "provider": "provider[\"registry.terraform.io/hashicorp/aws\"]",
      "instances": [
        {
          "schema_version": 0,
          "attributes": {
            "cache_key_parameters": [],
            "cache_namespace": "qk4rs8",
            "connection_id": "",
            "connection_type": "INTERNET",
            "content_handling": "",
            "credentials": "",
            "http_method": "OPTIONS",
            "id": "agi-ooip62hbck-qk4rs8-OPTIONS",
            "integration_http_method": "",
            "passthrough_behavior": "WHEN_NO_MATCH",
            "region": "us-east-2",
            "request_parameters": {},
            "request_templates": {
              "application/json": "{\"statusCode\": 200}"
            },
            "resource_id": "qk4rs8",
            "rest_api_id": "ooip62hbck",
            "timeout_milliseconds": 29000,
            "tls_config": [],
            "type": "MOCK",
            "uri": ""
          },
          "sensitive_attributes": [],
          "identity_schema_version": 0,
          "private": "bnVsbA==",
          "dependencies": [
            "module.api_gateway.aws_api_gateway_method.tts_options",
            "module.api_gateway.aws_api_gateway_resource.tts_resource",
            "module.api_gateway.aws_api_gateway_rest_api.tts_api"
          ]
        }
      ]
    },
    {
      "module": "module.api_gateway",
      "mode": "managed",
      "type": "aws_api_gateway_integration_response",
      "name": "options_integration_response",
      "provider": "provider[\"registry.terraform.io/hashicorp/aws\"]",
      "instances": [
        {
          "schema_version": 0,
          "attributes": {
            "content_handling": "",
            "http_method": "OPTIONS",
            "id": "agir-ooip62hbck-qk4rs8-OPTIONS-200",
            "region": "us-east-2",
            "resource_id": "qk4rs8",
            "response_parameters": {
              "method.response.header.Access-Control-Allow-Headers": "'Content-Type,X-Amz-Date,Authorization,X-Api-Key,X-Amz-Security-Token'",
              "method.response.header.Access-Control-Allow-Methods": "'OPTIONS,POST'",
              "method.response.header.Access-Control-Allow-Origin": "'*'"
            },
            "response_templates": {},
            "rest_api_id": "ooip62hbck",
            "selection_pattern": "",
            "status_code": "200"
          },
          "sensitive_attributes": [],
          "identity_schema_version": 0,
          "private": "bnVsbA==",
          "dependencies": [
            "module.api_gateway.aws_api_gateway_integration.tts_options",
            "module.api_gateway.aws_api_gateway_method.tts_options",
            "module.api_gateway.aws_api_gateway_method_response.options_response",
            "module.api_gateway.aws_api_gateway_resource.tts_resource",
            "module.api_gateway.aws_api_gateway_rest_api.tts_api"
          ]
        }
      ]
    },
    {
      "module": "module.api_gateway",
      "mode": "managed",
      "type": "aws_api_gateway_integration_response",
      "name": "post_cors",
      "provider": "provider[\"registry.terraform.io/hashicorp/aws\"]",
      "instances": [
        {
          "schema_version": 0,
          "attributes": {
            "content_handling": "",
            "http_method": "POST",
            "id": "agir-ooip62hbck-qk4rs8-POST-200",
            "region": "us-east-2",
            "resource_id": "qk4rs8",
            "response_parameters": {
              "method.response.header.Access-Control-Allow-Headers": "'Content-Type'",
              "method.response.header.Access-Control-Allow-Methods": "'OPTIONS,POST'",
              "method.response.header.Access-Control-Allow-Origin": "'*'"
            },
            "response_templates": {},
            "rest_api_id": "ooip62hbck",
            "selection_pattern": "",
            "status_code": "200"
          },
          "sensitive_attributes": [],
          "identity_schema_version": 0,
          "private": "bnVsbA==",
          "dependencies": [
            "module.api_gateway.aws_api_gateway_integration.tts_lambda",
            "module.api_gateway.aws_api_gateway_method.tts_post",
            "module.api_gateway.aws_api_gateway_method_response.post_response",
            "module.api_gateway.aws_api_gateway_resource.tts_resource",
            "module.api_gateway.aws_api_gateway_rest_api.tts_api",
            "module.lambda.aws_iam_role.lambda_tts_project",
            "module.lambda.aws_lambda_function.polly_lambda",
            "module.s3_audio.aws_s3_bucket.audio_files"
          ]
        }
      ]
    },
    {
      "module": "module.api_gateway",
      "mode": "managed",
      "type": "aws_api_gateway_method",
      "name": "tts_options",
      "provider": "provider[\"registry.terraform.io/hashicorp/aws\"]",
      "instances": [
        {
          "schema_version": 0,
          "attributes": {
            "api_key_required": false,
            "authorization": "NONE",
            "authorization_scopes": [],
            "authorizer_id": "",
            "http_method": "OPTIONS",
            "id": "agm-ooip62hbck-qk4rs8-OPTIONS",
            "operation_name": "",
            "region": "us-east-2",
            "request_models": {},
            "request_parameters": {},
            "request_validator_id": "",
            "resource_id": "qk4rs8",
            "rest_api_id": "ooip62hbck"
          },
          "sensitive_attributes": [],
          "identity_schema_version": 0,
          "private": "bnVsbA==",
          "dependencies": [
            "module.api_gateway.aws_api_gateway_resource.tts_resource",
            "module.api_gateway.aws_api_gateway_rest_api.tts_api"
          ]
        }
      ]
    },
    {
      "module": "module.api_gateway",
      "mode": "managed",
      "type": "aws_api_gateway_method",
      "name": "tts_post",
      "provider": "provider[\"registry.terraform.io/hashicorp/aws\"]",
      "instances": [
        {
          "schema_version": 0,
          "attributes": {
            "api_key_required": false,
            "authorization": "NONE",
            "authorization_scopes": [],
            "authorizer_id": "",
            "http_method": "POST",
            "id": "agm-ooip62hbck-qk4rs8-POST",
            "operation_name": "",
            "region": "us-east-2",
            "request_models": {},
            "request_parameters": {},
            "request_validator_id": "",
            "resource_id": "qk4rs8",
            "rest_api_id": "ooip62hbck"
          },
          "sensitive_attributes": [],
          "identity_schema_version": 0,
          "private": "bnVsbA==",
          "dependencies": [
            "module.api_gateway.aws_api_gateway_resource.tts_resource",
            "module.api_gateway.aws_api_gateway_rest_api.tts_api"
          ]
        }
      ]
    },
    {
      "module": "module.api_gateway",
      "mode": "managed",
      "type": "aws_api_gateway_method_response",
      "name": "options_response",
      "provider": "provider[\"registry.terraform.io/hashicorp/aws\"]",
      "instances": [
        {
          "schema_version": 0,
          "attributes": {
            "http_method": "OPTIONS",
            "id": "agmr-ooip62hbck-qk4rs8-OPTIONS-200",
            "region": "us-east-2",
            "resource_id": "qk4rs8",
            "response_models": {},
            "response_parameters": {
              "method.response.header.Access-Control-Allow-Headers": true,
              "method.response.header.Access-Control-Allow-Methods": true,
              "method.response.header.Access-Control-Allow-Origin": true
            },
            "rest_api_id": "ooip62hbck",
            "status_code": "200"
          },
          "sensitive_attributes": [],
          "identity_schema_version": 0,
          "private": "bnVsbA==",
          "dependencies": [
            "module.api_gateway.aws_api_gateway_method.tts_options",
            "module.api_gateway.aws_api_gateway_resource.tts_resource",
            "module.api_gateway.aws_api_gateway_rest_api.tts_api"
          ]
        }
      ]
    },
    {
      "module": "module.api_gateway",
      "mode": "managed",
      "type": "aws_api_gateway_method_response",
      "name": "post_response",
      "provider": "provider[\"registry.terraform.io/hashicorp/aws\"]",
      "instances": [
        {
          "schema_version": 0,
          "attributes": {
            "http_method": "POST",
            "id": "agmr-ooip62hbck-qk4rs8-POST-200",
            "region": "us-east-2",
            "resource_id": "qk4rs8",
            "response_models": {
              "application/json": "Empty"
            },
            "response_parameters": {
              "method.response.header.Access-Control-Allow-Headers": true,
              "method.response.header.Access-Control-Allow-Methods": true,
              "method.response.header.Access-Control-Allow-Origin": true
            },
            "rest_api_id": "ooip62hbck",
            "status_code": "200"
          },
          "sensitive_attributes": [],
          "identity_schema_version": 0,
          "private": "bnVsbA==",
          "dependencies": [
            "module.api_gateway.aws_api_gateway_method.tts_post",
            "module.api_gateway.aws_api_gateway_resource.tts_resource",
            "module.api_gateway.aws_api_gateway_rest_api.tts_api"
          ]
        }
      ]
    },
    {
      "module": "module.api_gateway",
      "mode": "managed",
      "type": "aws_api_gateway_resource",
      "name": "tts_resource",
      "provider": "provider[\"registry.terraform.io/hashicorp/aws\"]",
      "instances": [
        {
          "schema_version": 0,
          "attributes": {
            "id": "qk4rs8",
            "parent_id": "z7gh8o1n4f",
            "path": "/tts",
            "path_part": "tts",
            "region": "us-east-2",
            "rest_api_id": "ooip62hbck"
          },
          "sensitive_attributes": [],
          "identity_schema_version": 0,
          "private": "bnVsbA==",
          "dependencies": [
            "module.api_gateway.aws_api_gateway_rest_api.tts_api"
          ]
        }
      ]
    },
    {
      "module": "module.api_gateway",
      "mode": "managed",
      "type": "aws_api_gateway_rest_api",
      "name": "tts_api",
      "provider": "provider[\"registry.terraform.io/hashicorp/aws\"]",
      "instances": [
        {
          "schema_version": 0,
          "attributes": {
            "api_key_source": "HEADER",
            "arn": "arn:aws:apigateway:us-east-2::/restapis/ooip62hbck",
            "binary_media_types": [],
            "body": null,
            "created_date": "2025-09-18T10:40:42Z",
            "description": "API for Text to Speech using Polly Lambda",
            "disable_execute_api_endpoint": false,
            "endpoint_configuration": [
              {
                "ip_address_type": "ipv4",
                "types": [
                  "EDGE"
                ],
                "vpc_endpoint_ids": []
              }
            ],
            "execution_arn": "arn:aws:execute-api:us-east-2:487620625761:ooip62hbck",
            "fail_on_warnings": null,
            "id": "ooip62hbck",
            "minimum_compression_size": "",
            "name": "tts-api",
            "parameters": null,
            "policy": "",
            "put_rest_api_mode": null,
            "region": "us-east-2",
            "root_resource_id": "z7gh8o1n4f",
            "tags": {},
            "tags_all": {}
          },
          "sensitive_attributes": [],
          "identity_schema_version": 0,
          "private": "bnVsbA=="
        }
      ]
    },
    {
      "module": "module.api_gateway",
      "mode": "managed",
      "type": "aws_api_gateway_stage",
      "name": "tts_stage",
      "provider": "provider[\"registry.terraform.io/hashicorp/aws\"]",
      "instances": [
        {
          "schema_version": 0,
          "attributes": {
            "access_log_settings": [],
            "arn": "arn:aws:apigateway:us-east-2::/restapis/ooip62hbck/stages/prod",
            "cache_cluster_enabled": false,
            "cache_cluster_size": "",
            "canary_settings": [],
            "client_certificate_id": "",
            "deployment_id": "2w9iur",
            "description": "",
            "documentation_version": "",
            "execution_arn": "arn:aws:execute-api:us-east-2:487620625761:ooip62hbck/prod",
            "id": "ags-ooip62hbck-prod",
            "invoke_url": "https://ooip62hbck.execute-api.us-east-2.amazonaws.com/prod",
            "region": "us-east-2",
            "rest_api_id": "ooip62hbck",
            "stage_name": "prod",
            "tags": {},
            "tags_all": {},
            "variables": {},
            "web_acl_arn": "",
            "xray_tracing_enabled": false
          },
          "sensitive_attributes": [],
          "identity_schema_version": 0,
          "private": "bnVsbA==",
          "dependencies": [
            "module.api_gateway.aws_api_gateway_deployment.tts_deployment",
            "module.api_gateway.aws_api_gateway_integration.tts_lambda",
            "module.api_gateway.aws_api_gateway_integration.tts_options",
            "module.api_gateway.aws_api_gateway_integration_response.options_integration_response",
            "module.api_gateway.aws_api_gateway_integration_response.post_cors",
            "module.api_gateway.aws_api_gateway_method.tts_options",
            "module.api_gateway.aws_api_gateway_method.tts_post",
            "module.api_gateway.aws_api_gateway_method_response.options_response",
            "module.api_gateway.aws_api_gateway_method_response.post_response",
            "module.api_gateway.aws_api_gateway_resource.tts_resource",
            "module.api_gateway.aws_api_gateway_rest_api.tts_api",
            "module.lambda.aws_iam_role.lambda_tts_project",
            "module.lambda.aws_lambda_function.polly_lambda",
            "module.s3_audio.aws_s3_bucket.audio_files"
          ]
        }
      ]
    },
    {
      "module": "module.api_gateway",
      "mode": "managed",
      "type": "aws_lambda_permission",
      "name": "api_gateway_invoke",
      "provider": "provider[\"registry.terraform.io/hashicorp/aws\"]",
      "instances": [
        {
          "schema_version": 0,
          "attributes": {
            "action": "lambda:InvokeFunction",
            "event_source_token": null,
            "function_name": "tts-polly-lambda",
            "function_url_auth_type": null,
            "id": "AllowAPIGatewayInvoke",
            "principal": "apigateway.amazonaws.com",
            "principal_org_id": null,
            "qualifier": "",
            "region": "us-east-2",
            "source_account": null,
            "source_arn": "arn:aws:execute-api:us-east-2:487620625761:ooip62hbck/*/*",
            "statement_id": "AllowAPIGatewayInvoke",
            "statement_id_prefix": ""
          },
          "sensitive_attributes": [],
          "identity_schema_version": 0,
          "identity": {
            "account_id": "487620625761",
            "function_name": "tts-polly-lambda",
            "qualifier": null,
            "region": "us-east-2",
            "statement_id": "AllowAPIGatewayInvoke"
          },
          "private": "bnVsbA==",
          "dependencies": [
            "module.api_gateway.aws_api_gateway_rest_api.tts_api",
            "module.lambda.aws_iam_role.lambda_tts_project",
            "module.lambda.aws_lambda_function.polly_lambda",
            "module.s3_audio.aws_s3_bucket.audio_files"
          ]
        }
      ]
    },
    {
      "module": "module.cloudfront",
      "mode": "managed",
      "type": "aws_cloudfront_distribution",
      "name": "s3_cdn",
      "provider": "provider[\"registry.terraform.io/hashicorp/aws\"]",
      "instances": [
        {
          "schema_version": 1,
          "attributes": {
            "aliases": [],
            "anycast_ip_list_id": "",
            "arn": "arn:aws:cloudfront::487620625761:distribution/E31S4TRZOICPDO",
            "caller_reference": "terraform-20250918104026314200000002",
            "comment": null,
            "continuous_deployment_policy_id": "",
            "custom_error_response": [],
            "default_cache_behavior": [
              {
                "allowed_methods": [
                  "GET",
                  "HEAD"
                ],
                "cache_policy_id": "",
                "cached_methods": [
                  "GET",
                  "HEAD"
                ],
                "compress": false,
                "default_ttl": 0,
                "field_level_encryption_id": "",
                "forwarded_values": [
                  {
                    "cookies": [
                      {
                        "forward": "none",
                        "whitelisted_names": []
                      }
                    ],
                    "headers": [],
                    "query_string": false,
                    "query_string_cache_keys": []
                  }
                ],
                "function_association": [],
                "grpc_config": [
                  {
                    "enabled": false
                  }
                ],
                "lambda_function_association": [],
                "max_ttl": 0,
                "min_ttl": 0,
                "origin_request_policy_id": "",
                "realtime_log_config_arn": "",
                "response_headers_policy_id": "",
                "smooth_streaming": false,
                "target_origin_id": "s3-origin",
                "trusted_key_groups": [],
                "trusted_signers": [],
                "viewer_protocol_policy": "redirect-to-https"
              }
            ],
            "default_root_object": "index.html",
            "domain_name": "d1km1jwnrxbkh5.cloudfront.net",
            "enabled": true,
            "etag": "E1SSH9WK0QGT4C",
            "hosted_zone_id": "Z2FDTNDATAQYW2",
            "http_version": "http2",
            "id": "E31S4TRZOICPDO",
            "in_progress_validation_batches": 0,
            "is_ipv6_enabled": false,
            "last_modified_time": "2025-09-18 10:40:48.551 +0000 UTC",
            "logging_config": [],
            "ordered_cache_behavior": [],
            "origin": [
              {
                "connection_attempts": 3,
                "connection_timeout": 10,
                "custom_header": [],
                "custom_origin_config": [],
                "domain_name": "tts-project-azubi-priscillaon.s3.us-east-2.amazonaws.com",
                "origin_access_control_id": "",
                "origin_id": "s3-origin",
                "origin_path": "",
                "origin_shield": [],
                "response_completion_timeout": 0,
                "s3_origin_config": [
                  {
                    "origin_access_identity": "origin-access-identity/cloudfront/E18XX9DWHNS0LI"
                  }
                ],
                "vpc_origin_config": []
              }
            ],
            "origin_group": [],
            "price_class": "PriceClass_100",
            "restrictions": [
              {
                "geo_restriction": [
                  {
                    "locations": [],
                    "restriction_type": "none"
                  }
                ]
              }
            ],
            "retain_on_delete": false,
            "staging": false,
            "status": "Deployed",
            "tags": {},
            "tags_all": {},
            "trusted_key_groups": [
              {
                "enabled": false,
                "items": []
              }
            ],
            "trusted_signers": [
              {
                "enabled": false,
                "items": []
              }
            ],
            "viewer_certificate": [
              {
                "acm_certificate_arn": "",
                "cloudfront_default_certificate": true,
                "iam_certificate_id": "",
                "minimum_protocol_version": "TLSv1",
                "ssl_support_method": ""
              }
            ],
            "wait_for_deployment": true,
            "web_acl_id": ""
          },
          "sensitive_attributes": [],
          "identity_schema_version": 0,
          "private": "eyJzY2hlbWFfdmVyc2lvbiI6IjEifQ==",
          "dependencies": [
            "module.cloudfront.aws_cloudfront_origin_access_identity.oai",
            "module.s3_web.aws_s3_bucket.static_site"
          ]
        }
      ]
    },
    {
      "module": "module.cloudfront",
      "mode": "managed",
      "type": "aws_cloudfront_origin_access_identity",
      "name": "oai",
      "provider": "provider[\"registry.terraform.io/hashicorp/aws\"]",
      "instances": [
        {
          "schema_version": 0,
          "attributes": {
            "arn": "arn:aws:cloudfront::487620625761:origin-access-identity/E18XX9DWHNS0LI",
            "caller_reference": "terraform-20250918104019429600000001",
            "cloudfront_access_identity_path": "origin-access-identity/cloudfront/E18XX9DWHNS0LI",
            "comment": "OAI for static site bucket access",
            "etag": "E3UN6WX5RRO2AG",
            "iam_arn": "arn:aws:iam::cloudfront:user/CloudFront Origin Access Identity E18XX9DWHNS0LI",
            "id": "E18XX9DWHNS0LI",
            "s3_canonical_user_id": "26972b386897c91e5b2c196be36be9757aff01a6e8141e335ce8660fb7468e3d018dbbaa1e4275b62ffffd63bc66193a"
          },
          "sensitive_attributes": [],
          "identity_schema_version": 0,
          "private": "bnVsbA=="
        }
      ]
    },
    {
      "module": "module.cloudfront",
      "mode": "managed",
      "type": "aws_s3_bucket_policy",
      "name": "cloudfront_access",
      "provider": "provider[\"registry.terraform.io/hashicorp/aws\"]",
      "instances": [
        {
          "schema_version": 0,
          "attributes": {
            "bucket": "tts-project-azubi-priscillaon",
            "id": "tts-project-azubi-priscillaon",
            "policy": "{\"Statement\":[{\"Action\":\"s3:GetObject\",\"Effect\":\"Allow\",\"Principal\":{\"AWS\":\"arn:aws:iam::cloudfront:user/CloudFront Origin Access Identity E18XX9DWHNS0LI\"},\"Resource\":\"arn:aws:s3:::tts-project-azubi-priscillaon/*\",\"Sid\":\"AllowCloudFrontRead\"}],\"Version\":\"2012-10-17\"}",
            "region": "us-east-2"
          },
          "sensitive_attributes": [],
          "identity_schema_version": 0,
          "identity": {
            "account_id": "487620625761",
            "bucket": "tts-project-azubi-priscillaon",
            "region": "us-east-2"
          },
          "private": "bnVsbA==",
          "dependencies": [
            "module.cloudfront.aws_cloudfront_origin_access_identity.oai",
            "module.s3_web.aws_s3_bucket.static_site"
          ]
        }
      ]
    },
    {
      "module": "module.lambda",
      "mode": "managed",
      "type": "aws_iam_role",
      "name": "lambda_tts_project",
      "provider": "provider[\"registry.terraform.io/hashicorp/aws\"]",
      "instances": [
        {
          "schema_version": 0,
          "attributes": {
            "arn": "arn:aws:iam::487620625761:role/tts-polly-lambda-role",
            "assume_role_policy": "{\"Statement\":[{\"Action\":\"sts:AssumeRole\",\"Effect\":\"Allow\",\"Principal\":{\"Service\":\"lambda.amazonaws.com\"}}],\"Version\":\"2012-10-17\"}",
            "create_date": "2025-09-18T10:40:42Z",
            "description": "",
            "force_detach_policies": false,
            "id": "tts-polly-lambda-role",
            "inline_policy": [
              {
                "name": "tts-polly-lambda-policy",
                "policy": "{\"Version\":\"2012-10-17\",\"Statement\":[{\"Action\":[\"s3:PutObject\",\"s3:GetObject\",\"s3:ListBucket\"],\"Effect\":\"Allow\",\"Resource\":[\"arn:aws:s3:::tts-audio-bucket-priscillaon-azubi-africa\",\"arn:aws:s3:::tts-audio-bucket-priscillaon-azubi-africa/*\"]},{\"Action\":[\"polly:SynthesizeSpeech\"],\"Effect\":\"Allow\",\"Resource\":\"*\"},{\"Action\":[\"logs:CreateLogGroup\",\"logs:CreateLogStream\",\"logs:PutLogEvents\"],\"Effect\":\"Allow\",\"Resource\":\"arn:aws:logs:*:*:*\"}]}"
              }
            ],
            "managed_policy_arns": [],
            "max_session_duration": 3600,
            "name": "tts-polly-lambda-role",
            "name_prefix": "",
            "path": "/",
            "permissions_boundary": "",
            "tags": {},
            "tags_all": {},
            "unique_id": "AROAXDCDUIVQYWQDAXGLJ"
          },
          "sensitive_attributes": [],
          "identity_schema_version": 0,
          "identity": {
            "account_id": "487620625761",
            "name": "tts-polly-lambda-role"
          },
          "private": "bnVsbA=="
        }
      ]
    },
    {
      "module": "module.lambda",
      "mode": "managed",
      "type": "aws_iam_role_policy",
      "name": "lambda_policy",
      "provider": "provider[\"registry.terraform.io/hashicorp/aws\"]",
      "instances": [
        {
          "schema_version": 0,
          "attributes": {
            "id": "tts-polly-lambda-role:tts-polly-lambda-policy",
            "name": "tts-polly-lambda-policy",
            "name_prefix": "",
            "policy": "{\"Version\":\"2012-10-17\",\"Statement\":[{\"Action\":[\"s3:PutObject\",\"s3:GetObject\",\"s3:ListBucket\"],\"Effect\":\"Allow\",\"Resource\":[\"arn:aws:s3:::tts-audio-bucket-priscillaon-azubi-africa\",\"arn:aws:s3:::tts-audio-bucket-priscillaon-azubi-africa/*\"]},{\"Action\":[\"polly:SynthesizeSpeech\"],\"Effect\":\"Allow\",\"Resource\":\"*\"},{\"Action\":[\"logs:CreateLogGroup\",\"logs:CreateLogStream\",\"logs:PutLogEvents\"],\"Effect\":\"Allow\",\"Resource\":\"arn:aws:logs:*:*:*\"}]}",
            "role": "tts-polly-lambda-role"
          },
          "sensitive_attributes": [],
          "identity_schema_version": 0,
          "identity": {
            "account_id": "487620625761",
            "name": "tts-polly-lambda-policy",
            "role": "tts-polly-lambda-role"
          },
          "private": "bnVsbA==",
          "dependencies": [
            "module.lambda.aws_iam_role.lambda_tts_project",
            "module.s3_audio.aws_s3_bucket.audio_files"
          ]
        }
      ]
    },
    {
      "module": "module.lambda",
      "mode": "managed",
      "type": "aws_lambda_function",
      "name": "polly_lambda",
      "provider": "provider[\"registry.terraform.io/hashicorp/aws\"]",
      "instances": [
        {
          "schema_version": 0,
          "attributes": {
            "architectures": [
              "x86_64"
            ],
            "arn": "arn:aws:lambda:us-east-2:487620625761:function:tts-polly-lambda",
            "code_sha256": "Q2cuKNb9UamWz4rAyyaePmWUy5UrIP6C6BlGN1hScjI=",
            "code_signing_config_arn": "",
            "dead_letter_config": [],
            "description": "",
            "environment": [
              {
                "variables": {
                  "AUDIO_BUCKET": "tts-audio-bucket-priscillaon-azubi-africa"
                }
              }
            ],
            "ephemeral_storage": [
              {
                "size": 512
              }
            ],
            "file_system_config": [],
            "filename": "modules/lambda/lambda-polly.zip",
            "function_name": "tts-polly-lambda",
            "handler": "polly_lambda.lambda_handler",
            "id": "tts-polly-lambda",
            "image_config": [],
            "image_uri": "",
            "invoke_arn": "arn:aws:apigateway:us-east-2:lambda:path/2015-03-31/functions/arn:aws:lambda:us-east-2:487620625761:function:tts-polly-lambda/invocations",
            "kms_key_arn": "",
            "last_modified": "2025-09-18T11:48:58.000+0000",
            "layers": [],
            "logging_config": [
              {
                "application_log_level": "",
                "log_format": "Text",
                "log_group": "/aws/lambda/tts-polly-lambda",
                "system_log_level": ""
              }
            ],
            "memory_size": 128,
            "package_type": "Zip",
            "publish": false,
            "qualified_arn": "arn:aws:lambda:us-east-2:487620625761:function:tts-polly-lambda:$LATEST",
            "qualified_invoke_arn": "arn:aws:apigateway:us-east-2:lambda:path/2015-03-31/functions/arn:aws:lambda:us-east-2:487620625761:function:tts-polly-lambda:$LATEST/invocations",
            "region": "us-east-2",
            "replace_security_groups_on_destroy": null,
            "replacement_security_group_ids": null,
            "reserved_concurrent_executions": -1,
            "role": "arn:aws:iam::487620625761:role/tts-polly-lambda-role",
            "runtime": "python3.11",
            "s3_bucket": null,
            "s3_key": null,
            "s3_object_version": null,
            "signing_job_arn": "",
            "signing_profile_version_arn": "",
            "skip_destroy": false,
            "snap_start": [],
            "source_code_hash": "Q2cuKNb9UamWz4rAyyaePmWUy5UrIP6C6BlGN1hScjI=",
            "source_code_size": 1292,
            "source_kms_key_arn": "",
            "tags": {},
            "tags_all": {},
            "timeout": 15,
            "timeouts": null,
            "tracing_config": [
              {
                "mode": "PassThrough"
              }
            ],
            "version": "$LATEST",
            "vpc_config": []
          },
          "sensitive_attributes": [],
          "identity_schema_version": 0,
          "identity": {
            "account_id": "487620625761",
            "function_name": "tts-polly-lambda",
            "region": "us-east-2"
          },
          "private": "eyJlMmJmYjczMC1lY2FhLTExZTYtOGY4OC0zNDM2M2JjN2M0YzAiOnsiY3JlYXRlIjo2MDAwMDAwMDAwMDAsImRlbGV0ZSI6NjAwMDAwMDAwMDAwLCJ1cGRhdGUiOjYwMDAwMDAwMDAwMH19",
          "dependencies": [
            "module.lambda.aws_iam_role.lambda_tts_project",
            "module.s3_audio.aws_s3_bucket.audio_files"
          ]
        }
      ]
    },
    {
      "module": "module.s3_audio",
      "mode": "managed",
      "type": "aws_s3_bucket",
      "name": "audio_files",
      "provider": "provider[\"registry.terraform.io/hashicorp/aws\"]",
      "instances": [
        {
          "schema_version": 0,
          "attributes": {
            "acceleration_status": "",
            "acl": null,
            "arn": "arn:aws:s3:::tts-audio-bucket-priscillaon-azubi-africa",
            "bucket": "tts-audio-bucket-priscillaon-azubi-africa",
            "bucket_domain_name": "tts-audio-bucket-priscillaon-azubi-africa.s3.amazonaws.com",
            "bucket_prefix": "",
            "bucket_region": "us-east-2",
            "bucket_regional_domain_name": "tts-audio-bucket-priscillaon-azubi-africa.s3.us-east-2.amazonaws.com",
            "cors_rule": [
              {
                "allowed_headers": [
                  "*"
                ],
                "allowed_methods": [
                  "GET"
                ],
                "allowed_origins": [
                  "*"
                ],
                "expose_headers": [
                  "ETag"
                ],
                "max_age_seconds": 3000
              }
            ],
            "force_destroy": true,
            "grant": [
              {
                "id": "6c58da7f76e298cffe694ce3d9c7350e26c510d6f7aeeba85f107b3e1f68355d",
                "permissions": [
                  "FULL_CONTROL"
                ],
                "type": "CanonicalUser",
                "uri": ""
              }
            ],
            "hosted_zone_id": "Z2O1EMRO9K5GLX",
            "id": "tts-audio-bucket-priscillaon-azubi-africa",
            "lifecycle_rule": [],
            "logging": [],
            "object_lock_configuration": [],
            "object_lock_enabled": false,
            "policy": "",
            "region": "us-east-2",
            "replication_configuration": [],
            "request_payer": "BucketOwner",
            "server_side_encryption_configuration": [
              {
                "rule": [
                  {
                    "apply_server_side_encryption_by_default": [
                      {
                        "kms_master_key_id": "",
                        "sse_algorithm": "AES256"
                      }
                    ],
                    "bucket_key_enabled": false
                  }
                ]
              }
            ],
            "tags": {
              "Environment": "dev",
              "Name": "audio-files"
            },
            "tags_all": {
              "Environment": "dev",
              "Name": "audio-files"
            },
            "timeouts": null,
            "versioning": [
              {
                "enabled": false,
                "mfa_delete": false
              }
            ],
            "website": [],
            "website_domain": null,
            "website_endpoint": null
          },
          "sensitive_attributes": [],
          "identity_schema_version": 0,
          "identity": {
            "account_id": "487620625761",
            "bucket": "tts-audio-bucket-priscillaon-azubi-africa",
            "region": "us-east-2"
          },
          "private": "eyJlMmJmYjczMC1lY2FhLTExZTYtOGY4OC0zNDM2M2JjN2M0YzAiOnsiY3JlYXRlIjoxMjAwMDAwMDAwMDAwLCJkZWxldGUiOjM2MDAwMDAwMDAwMDAsInJlYWQiOjEyMDAwMDAwMDAwMDAsInVwZGF0ZSI6MTIwMDAwMDAwMDAwMH19"
        }
      ]
    },
    {
      "module": "module.s3_audio",
      "mode": "managed",
      "type": "aws_s3_bucket_cors_configuration",
      "name": "audio_files",
      "provider": "provider[\"registry.terraform.io/hashicorp/aws\"]",
      "instances": [
        {
          "schema_version": 0,
          "attributes": {
            "bucket": "tts-audio-bucket-priscillaon-azubi-africa",
            "cors_rule": [
              {
                "allowed_headers": [
                  "*"
                ],
                "allowed_methods": [
                  "GET"
                ],
                "allowed_origins": [
                  "*"
                ],
                "expose_headers": [
                  "ETag"
                ],
                "id": "",
                "max_age_seconds": 3000
              }
            ],
            "expected_bucket_owner": "",
            "id": "tts-audio-bucket-priscillaon-azubi-africa",
            "region": "us-east-2"
          },
          "sensitive_attributes": [],
          "identity_schema_version": 0,
          "identity": {
            "account_id": "487620625761",
            "bucket": "tts-audio-bucket-priscillaon-azubi-africa",
            "expected_bucket_owner": null,
            "region": "us-east-2"
          },
          "private": "bnVsbA==",
          "dependencies": [
            "module.s3_audio.aws_s3_bucket.audio_files"
          ]
        }
      ]
    },
    {
      "module": "module.s3_audio",
      "mode": "managed",
      "type": "aws_s3_bucket_public_access_block",
      "name": "audio_files",
      "provider": "provider[\"registry.terraform.io/hashicorp/aws\"]",
      "instances": [
        {
          "schema_version": 0,
          "attributes": {
            "block_public_acls": true,
            "block_public_policy": true,
            "bucket": "tts-audio-bucket-priscillaon-azubi-africa",
            "id": "tts-audio-bucket-priscillaon-azubi-africa",
            "ignore_public_acls": true,
            "region": "us-east-2",
            "restrict_public_buckets": true,
            "skip_destroy": null
          },
          "sensitive_attributes": [],
          "identity_schema_version": 0,
          "identity": {
            "account_id": "487620625761",
            "bucket": "tts-audio-bucket-priscillaon-azubi-africa",
            "region": "us-east-2"
          },
          "private": "bnVsbA==",
          "dependencies": [
            "module.s3_audio.aws_s3_bucket.audio_files"
          ]
        }
      ]
    },
    {
      "module": "module.s3_audio",
      "mode": "managed",
      "type": "aws_s3_bucket_versioning",
      "name": "audio_files",
      "provider": "provider[\"registry.terraform.io/hashicorp/aws\"]",
      "instances": [
        {
          "schema_version": 0,
          "attributes": {
            "bucket": "tts-audio-bucket-priscillaon-azubi-africa",
            "expected_bucket_owner": "",
            "id": "tts-audio-bucket-priscillaon-azubi-africa",
            "mfa": null,
            "region": "us-east-2",
            "versioning_configuration": [
              {
                "mfa_delete": "",
                "status": "Disabled"
              }
            ]
          },
          "sensitive_attributes": [],
          "identity_schema_version": 0,
          "identity": {
            "account_id": "487620625761",
            "bucket": "tts-audio-bucket-priscillaon-azubi-africa",
            "expected_bucket_owner": null,
            "region": "us-east-2"
          },
          "private": "bnVsbA==",
          "dependencies": [
            "module.s3_audio.aws_s3_bucket.audio_files"
          ]
        }
      ]
    },
    {
      "module": "module.s3_web",
      "mode": "managed",
      "type": "aws_s3_bucket",
      "name": "static_site",
      "provider": "provider[\"registry.terraform.io/hashicorp/aws\"]",
      "instances": [
        {
          "schema_version": 0,
          "attributes": {
            "acceleration_status": "",
            "acl": null,
            "arn": "arn:aws:s3:::tts-project-azubi-priscillaon",
            "bucket": "tts-project-azubi-priscillaon",
            "bucket_domain_name": "tts-project-azubi-priscillaon.s3.amazonaws.com",
            "bucket_prefix": "",
            "bucket_region": "us-east-2",
            "bucket_regional_domain_name": "tts-project-azubi-priscillaon.s3.us-east-2.amazonaws.com",
            "cors_rule": [],
            "force_destroy": false,
            "grant": [
              {
                "id": "6c58da7f76e298cffe694ce3d9c7350e26c510d6f7aeeba85f107b3e1f68355d",
                "permissions": [
                  "FULL_CONTROL"
                ],
                "type": "CanonicalUser",
                "uri": ""
              }
            ],
            "hosted_zone_id": "Z2O1EMRO9K5GLX",
            "id": "tts-project-azubi-priscillaon",
            "lifecycle_rule": [],
            "logging": [],
            "object_lock_configuration": [],
            "object_lock_enabled": false,
            "policy": "{\"Statement\":[{\"Action\":\"s3:GetObject\",\"Effect\":\"Allow\",\"Principal\":{\"AWS\":\"arn:aws:iam::cloudfront:user/CloudFront Origin Access Identity E18XX9DWHNS0LI\"},\"Resource\":\"arn:aws:s3:::tts-project-azubi-priscillaon/*\",\"Sid\":\"AllowCloudFrontRead\"}],\"Version\":\"2012-10-17\"}",
            "region": "us-east-2",
            "replication_configuration": [],
            "request_payer": "BucketOwner",
            "server_side_encryption_configuration": [
              {
                "rule": [
                  {
                    "apply_server_side_encryption_by_default": [
                      {
                        "kms_master_key_id": "",
                        "sse_algorithm": "AES256"
                      }
                    ],
                    "bucket_key_enabled": false
                  }
                ]
              }
            ],
            "tags": {},
            "tags_all": {},
            "timeouts": null,
            "versioning": [
              {
                "enabled": false,
                "mfa_delete": false
              }
            ],
            "website": [
              {
                "error_document": "error.html",
                "index_document": "index.html",
                "redirect_all_requests_to": "",
                "routing_rules": ""
              }
            ],
            "website_domain": "s3-website.us-east-2.amazonaws.com",
            "website_endpoint": "tts-project-azubi-priscillaon.s3-website.us-east-2.amazonaws.com"
          },
          "sensitive_attributes": [],
          "identity_schema_version": 0,
          "identity": {
            "account_id": "487620625761",
            "bucket": "tts-project-azubi-priscillaon",
            "region": "us-east-2"
          },
          "private": "eyJlMmJmYjczMC1lY2FhLTExZTYtOGY4OC0zNDM2M2JjN2M0YzAiOnsiY3JlYXRlIjoxMjAwMDAwMDAwMDAwLCJkZWxldGUiOjM2MDAwMDAwMDAwMDAsInJlYWQiOjEyMDAwMDAwMDAwMDAsInVwZGF0ZSI6MTIwMDAwMDAwMDAwMH19"
        }
      ]
    },
    {
      "module": "module.s3_web",
      "mode": "managed",
      "type": "aws_s3_bucket_public_access_block",
      "name": "static_site",
      "provider": "provider[\"registry.terraform.io/hashicorp/aws\"]",
      "instances": [
        {
          "schema_version": 0,
          "attributes": {
            "block_public_acls": false,
            "block_public_policy": false,
            "bucket": "tts-project-azubi-priscillaon",
            "id": "tts-project-azubi-priscillaon",
            "ignore_public_acls": false,
            "region": "us-east-2",
            "restrict_public_buckets": false,
            "skip_destroy": null
          },
          "sensitive_attributes": [],
          "identity_schema_version": 0,
          "identity": {
            "account_id": "487620625761",
            "bucket": "tts-project-azubi-priscillaon",
            "region": "us-east-2"
          },
          "private": "bnVsbA==",
          "dependencies": [
            "module.s3_web.aws_s3_bucket.static_site"
          ]
        }
      ]
    },
    {
      "module": "module.s3_web",
      "mode": "managed",
      "type": "aws_s3_bucket_website_configuration",
      "name": "static_site",
      "provider": "provider[\"registry.terraform.io/hashicorp/aws\"]",
      "instances": [
        {
          "schema_version": 0,
          "attributes": {
            "bucket": "tts-project-azubi-priscillaon",
            "error_document": [
              {
                "key": "error.html"
              }
            ],
            "expected_bucket_owner": "",
            "id": "tts-project-azubi-priscillaon",
            "index_document": [
              {
                "suffix": "index.html"
              }
            ],
            "redirect_all_requests_to": [],
            "region": "us-east-2",
            "routing_rule": [],
            "routing_rules": "",
            "website_domain": "s3-website.us-east-2.amazonaws.com",
            "website_endpoint": "tts-project-azubi-priscillaon.s3-website.us-east-2.amazonaws.com"
          },
          "sensitive_attributes": [],
          "identity_schema_version": 0,
          "identity": {
            "account_id": "487620625761",
            "bucket": "tts-project-azubi-priscillaon",
            "expected_bucket_owner": null,
            "region": "us-east-2"
          },
          "private": "bnVsbA==",
          "dependencies": [
            "module.s3_web.aws_s3_bucket.static_site"
          ]
        }
      ]
    },
    {
      "module": "module.s3_web",
      "mode": "managed",
      "type": "aws_s3_object",
      "name": "index_html",
      "provider": "provider[\"registry.terraform.io/hashicorp/aws\"]",
      "instances": [
        {
          "schema_version": 0,
          "attributes": {
            "acl": null,
            "arn": "arn:aws:s3:::tts-project-azubi-priscillaon/index.html",
            "bucket": "tts-project-azubi-priscillaon",
            "bucket_key_enabled": false,
            "cache_control": "",
            "checksum_algorithm": null,
            "checksum_crc32": "",
            "checksum_crc32c": "",
            "checksum_crc64nvme": "",
            "checksum_sha1": "",
            "checksum_sha256": "",
            "content": "\u003c!DOCTYPE html\u003e\r\n\u003chtml lang=\"en\"\u003e\r\n\u003chead\u003e\r\n  \u003cmeta charset=\"UTF-8\"\u003e\r\n  \u003cmeta name=\"viewport\" content=\"width=device-width, initial-scale=1.0\"\u003e\r\n  \u003ctitle\u003eHome | Text-To-Speech Converter\u003c/title\u003e\r\n  \u003clink href=\"https://cdn.jsdelivr.net/npm/bootstrap@5.3.0/dist/css/bootstrap.min.css\" rel=\"stylesheet\"\u003e\r\n  \u003clink href=\"./styles.css\" rel=\"stylesheet\"\u003e\r\n\u003c/head\u003e\r\n\u003cbody class=\"d-flex flex-column min-vh-100\"\u003e\r\n  \u003c!-- Navbar --\u003e\r\n  \u003cnav class=\"navbar navbar-expand-lg navbar-dark bg-primary shadow-sm sticky-top\"\u003e\r\n    \u003cdiv class=\"container\"\u003e\r\n        \u003ca class=\"navbar-brand d-flex align-items-center gap-2\" href=\"index.html\"\u003e\r\n    \u003c/a\u003e\r\n      \u003cbutton class=\"navbar-toggler\" type=\"button\" data-bs-toggle=\"collapse\" data-bs-target=\"#navbarNav\"\u003e\r\n        \u003cspan class=\"navbar-toggler-icon\"\u003e\u003c/span\u003e\r\n      \u003c/button\u003e\r\n      \u003cdiv class=\"collapse navbar-collapse\" id=\"navbarNav\"\u003e\r\n         \u003cul class=\"navbar-nav mx-auto mb-2 mb-lg-0\"\u003e\r\n        \u003c/ul\u003e\r\n      \u003c/div\u003e\r\n    \u003c/div\u003e\r\n  \u003c/nav\u003e\r\n\r\n  \u003c!-- Hero Section --\u003e\r\n  \u003csection class=\"mb-3 text-center bg-light\"\u003e\r\n    \u003cdiv class=\"container py-3\"\u003e\r\n      \u003ch1 class=\"fw-bold mt-4\"\u003eText To Speech Converter\u003c/h1\u003e\r\n      \u003cp class=\"lead\"\u003eConvert text to speech with ease. Explore below.\u003c/p\u003e\r\n    \u003c/div\u003e\r\n  \u003c/section\u003e\r\n\r\n  \u003c!-- Body --\u003e\r\n  \u003cdiv class=\"container mb-2\"\u003e\r\n    \u003cdiv class=\"row g-2\"\u003e\r\n      \u003cdiv class=\"card shadow-sm h-50 mx-auto\" style=\"max-width: 200px;\"\u003e\r\n        \u003cdiv class=\"card-body\"\u003e\r\n          \u003cdiv class=\"mb-2\"\u003e\r\n            \u003clabel for=\"text-area\" class=\"mb-1 fw-bold\"\u003eEnter text for speech conversion\u003c/label\u003e\r\n            \u003ctextarea class=\"form-control\" id=\"text-area\" rows=\"10\" aria-label=\"Enter text for speech conversion\"\u003e\u003c/textarea\u003e\r\n          \u003c/div\u003e\r\n\r\n          \u003cdiv class=\"row mb-1 g-2 align-items-center\"\u003e\r\n            \u003cdiv class=\"col-md-4\"\u003e\r\n              \u003clabel for=\"voiceSelect\" class=\"form-label fw-bold\"\u003eVoice Persona\u003c/label\u003e\r\n              \u003cselect id=\"voiceSelect\" class=\"form-select\"\u003e\r\n                \u003coptgroup label=\"English (US)\"\u003e\r\n                  \u003coption value=\"Joanna\"\u003eJoanna (F)\u003c/option\u003e\r\n                  \u003coption value=\"Matthew\"\u003eMatthew (M)\u003c/option\u003e\r\n                  \u003coption value=\"Ivy\"\u003eIvy (F)\u003c/option\u003e\r\n                  \u003coption value=\"Kendra\"\u003eKendra (F)\u003c/option\u003e\r\n                  \u003coption value=\"Salli\"\u003eSalli (F)\u003c/option\u003e\r\n                  \u003coption value=\"Joey\"\u003eJoey (M)\u003c/option\u003e\r\n                \u003c/optgroup\u003e\r\n                \u003coptgroup label=\"English (British)\"\u003e\r\n                  \u003coption value=\"Amy\"\u003eAmy (F)\u003c/option\u003e\r\n                  \u003coption value=\"Emma\"\u003eEmma (F)\u003c/option\u003e\r\n                  \u003coption value=\"Brian\"\u003eBrian (M)\u003c/option\u003e\r\n                \u003c/optgroup\u003e\r\n              \u003c/select\u003e\r\n            \u003c/div\u003e\r\n\r\n            \u003cdiv class=\"col-md-4\"\u003e\r\n              \u003clabel for=\"speedSelect\" class=\"form-label fw-bold\"\u003eVoice Rate\u003c/label\u003e\r\n              \u003cselect id=\"speedSelect\" class=\"form-select\"\u003e\r\n                \u003coption value=\"1.0\"\u003eNormal\u003c/option\u003e\r\n                \u003coption value=\"0.8\"\u003eSlow\u003c/option\u003e\r\n                \u003coption value=\"1.2\"\u003eFast\u003c/option\u003e\r\n              \u003c/select\u003e\r\n            \u003c/div\u003e\r\n\r\n            \u003cdiv class=\"col-md-4\"\u003e\r\n              \u003clabel for=\"pitchSelect\" class=\"form-label fw-bold\"\u003eTone\u003c/label\u003e\r\n              \u003cselect id=\"pitchSelect\" class=\"form-select\"\u003e\r\n                \u003coption value=\"0%\"\u003eNormal\u003c/option\u003e\r\n                \u003coption value=\"+10%\"\u003eHigh\u003c/option\u003e\r\n                \u003coption value=\"-10%\"\u003eLow\u003c/option\u003e\r\n              \u003c/select\u003e\r\n            \u003c/div\u003e\r\n          \u003c/div\u003e\r\n\r\n          \u003cdiv class=\"d-flex mb-3 align-items-center\"\u003e\r\n            \u003cbutton class=\"btn btn-primary btn-sm me-3\" id=\"convertBtn\"\u003eConvert to Speech\u003c/button\u003e\r\n            \u003cdiv id=\"loadingSpinner\" class=\"spinner-border text-primary d-none\" role=\"status\"\u003e\r\n              \u003cspan class=\"visually-hidden\"\u003eLoading...\u003c/span\u003e\r\n            \u003c/div\u003e\r\n          \u003c/div\u003e\r\n\r\n          \u003cdiv class=\"d-flex justify-content-center mb-3\"\u003e\r\n            \u003cbutton class=\"btn btn-success text-center btn-sm\" id=\"downloadBtn\" disabled\u003eDownload Audio\u003c/button\u003e\r\n          \u003c/div\u003e\r\n\r\n          \u003c!-- Audio Player Section (hidden until audio is ready) --\u003e\r\n          \u003cdiv id=\"audioSection\" class=\"d-none flex-column align-items-center mb-3\"\u003e\r\n            \u003caudio id=\"audioPlayer\" controls class=\"w-100 mb-2\"\u003e\u003c/audio\u003e\r\n\r\n            \u003cdiv class=\"d-flex align-items-center w-100\"\u003e\r\n              \u003clabel for=\"volumeControl\" class=\"me-2 fw-bold mb-2\"\u003eVolume\u003c/label\u003e\r\n              \u003cinput type=\"range\" id=\"volumeControl\" min=\"0\" max=\"1\" step=\"0.01\" value=\"0.5\" class=\"form-range flex-grow-1 me-2\"\u003e\r\n              \u003cspan id=\"volumeValue\" class=\"fw-bold\"\u003e50%\u003c/span\u003e\r\n            \u003c/div\u003e\r\n          \u003c/div\u003e\r\n        \u003c/div\u003e\r\n      \u003c/div\u003e\r\n    \u003c/div\u003e\r\n  \u003c/div\u003e\r\n\r\n  \u003c!-- Footer --\u003e\r\n  \u003cfooter class=\"bg-dark text-white py-3 footer mt-auto\"\u003e\r\n    \u003cdiv class=\"mt-4 container d-flex flex-column flex-md-row justify-content-between\"\u003e\r\n      \u003cp\u003e\u0026copy; Copyright - 2025\u003c/p\u003e\r\n      \u003cp\u003eGeneration Ghana | Azubi Africa | Cohort 3\u003c/p\u003e\r\n    \u003c/div\u003e\r\n  \u003c/footer\u003e\r\n\r\n  \u003cscript src=\"https://cdn.jsdelivr.net/npm/bootstrap@5.3.0/dist/js/bootstrap.bundle.min.js\"\u003e\u003c/script\u003e\r\n\r\n  \u003cscript\u003e\r\n    const apiBase = \"https://ooip62hbck.execute-api.us-east-2.amazonaws.com/prod/tts\";\r\n    let lastAudioBase64 = \"\";\r\n    let lastAudioS3Url = \"\";\r\n\r\n    const audioSection = document.getElementById(\"audioSection\");\r\n    const audioPlayer = document.getElementById(\"audioPlayer\");\r\n    const volumeControl = document.getElementById(\"volumeControl\");\r\n    const volumeValue = document.getElementById(\"volumeValue\");\r\n\r\n    // Volume control setup\r\n    audioPlayer.volume = volumeControl.value;\r\n    volumeControl.addEventListener(\"input\", () =\u003e {\r\n      audioPlayer.volume = volumeControl.value;\r\n      volumeValue.textContent = Math.round(volumeControl.value * 100) + \"%\";\r\n    });\r\n\r\n    document.getElementById(\"convertBtn\").addEventListener(\"click\", async () =\u003e {\r\n      const text = document.getElementById(\"text-area\").value || \"Hello from AWS Polly!\";\r\n      const voice = document.getElementById(\"voiceSelect\").value;\r\n      const rate = document.getElementById(\"speedSelect\").value;\r\n      const pitch = document.getElementById(\"pitchSelect\").value;\r\n\r\n      const loadingSpinner = document.getElementById(\"loadingSpinner\");\r\n      loadingSpinner.classList.remove(\"d-none\");\r\n\r\n      try {\r\n        const response = await fetch(apiBase, {\r\n          method: \"POST\",\r\n          headers: { \"Content-Type\": \"application/json\" },\r\n          body: JSON.stringify({ text, voice, rate, pitch })\r\n        });\r\n\r\n        const data = await response.json();\r\n\r\n        if (data.audio_base64) {\r\n          lastAudioBase64 = data.audio_base64;\r\n          audioPlayer.src = \"data:audio/mp3;base64,\" + lastAudioBase64;\r\n          audioSection.classList.remove(\"d-none\"); // show audio player\r\n          audioPlayer.play();\r\n          document.getElementById(\"downloadBtn\").disabled = false;\r\n        }\r\n\r\n        if (data.s3_presigned_url) {\r\n          lastAudioS3Url = data.s3_presigned_url;\r\n        }\r\n      } catch (err) {\r\n        console.error(\"Error generating speech:\", err);\r\n        alert(\"Error generating speech. Check console.\");\r\n      } finally {\r\n        loadingSpinner.classList.add(\"d-none\");\r\n      }\r\n    });\r\n\r\n    document.getElementById(\"downloadBtn\").addEventListener(\"click\", () =\u003e {\r\n      if (lastAudioS3Url) {\r\n        window.open(lastAudioS3Url, \"_blank\");\r\n      } else if (lastAudioBase64) {\r\n        const link = document.createElement(\"a\");\r\n        link.href = \"data:audio/mp3;base64,\" + lastAudioBase64;\r\n        link.download = \"tts_audio.mp3\";\r\n        link.click();\r\n      } else {\r\n        alert(\"No audio available yet. Generate speech first.\");\r\n      }\r\n    });\r\n  \u003c/script\u003e\r\n\u003c/body\u003e\r\n\u003c/html\u003e",
            "content_base64": null,
            "content_disposition": "",
            "content_encoding": "",
            "content_language": "",
            "content_type": "text/html",
            "etag": "cf51f623e87e8b304c2a5855c012d95c",
            "force_destroy": false,
            "id": "tts-project-azubi-priscillaon/index.html",
            "key": "index.html",
            "kms_key_id": null,
            "metadata": {},
            "object_lock_legal_hold_status": "",
            "object_lock_mode": "",
            "object_lock_retain_until_date": "",
            "override_provider": [],
            "region": "us-east-2",
            "server_side_encryption": "AES256",
            "source": null,
            "source_hash": null,
            "storage_class": "STANDARD",
            "tags": {},
            "tags_all": {},
            "version_id": "",
            "website_redirect": ""
          },
          "sensitive_attributes": [],
          "identity_schema_version": 0,
          "identity": {
            "account_id": "487620625761",
            "bucket": "tts-project-azubi-priscillaon",
            "key": "index.html",
            "region": "us-east-2"
          },
          "private": "bnVsbA==",
          "dependencies": [
            "module.api_gateway.aws_api_gateway_deployment.tts_deployment",
            "module.api_gateway.aws_api_gateway_integration.tts_lambda",
            "module.api_gateway.aws_api_gateway_integration.tts_options",
            "module.api_gateway.aws_api_gateway_integration_response.options_integration_response",
            "module.api_gateway.aws_api_gateway_integration_response.post_cors",
            "module.api_gateway.aws_api_gateway_method.tts_options",
            "module.api_gateway.aws_api_gateway_method.tts_post",
            "module.api_gateway.aws_api_gateway_method_response.options_response",
            "module.api_gateway.aws_api_gateway_method_response.post_response",
            "module.api_gateway.aws_api_gateway_resource.tts_resource",
            "module.api_gateway.aws_api_gateway_rest_api.tts_api",
            "module.api_gateway.aws_api_gateway_stage.tts_stage",
            "module.lambda.aws_iam_role.lambda_tts_project",
            "module.lambda.aws_lambda_function.polly_lambda",
            "module.s3_audio.aws_s3_bucket.audio_files",
            "module.s3_web.aws_s3_bucket.static_site"
          ]
        }
      ]
    },
    {
      "module": "module.s3_web",
      "mode": "managed",
      "type": "aws_s3_object",
      "name": "website_files",
      "provider": "provider[\"registry.terraform.io/hashicorp/aws\"]",
      "instances": [
        {
          "index_key": "add.html",
          "schema_version": 0,
          "attributes": {
            "acl": null,
            "arn": "arn:aws:s3:::tts-project-azubi-priscillaon/add.html",
            "bucket": "tts-project-azubi-priscillaon",
            "bucket_key_enabled": false,
            "cache_control": "",
            "checksum_algorithm": null,
            "checksum_crc32": "",
            "checksum_crc32c": "",
            "checksum_crc64nvme": "",
            "checksum_sha1": "",
            "checksum_sha256": "",
            "content": null,
            "content_base64": null,
            "content_disposition": "",
            "content_encoding": "",
            "content_language": "",
            "content_type": "text/html",
            "etag": "b046105b9c06ae99ebc9696562c45399",
            "force_destroy": false,
            "id": "tts-project-azubi-priscillaon/add.html",
            "key": "add.html",
            "kms_key_id": null,
            "metadata": {},
            "object_lock_legal_hold_status": "",
            "object_lock_mode": "",
            "object_lock_retain_until_date": "",
            "override_provider": [],
            "region": "us-east-2",
            "server_side_encryption": "AES256",
            "source": "modules/s3_web/website/add.html",
            "source_hash": null,
            "storage_class": "STANDARD",
            "tags": {},
            "tags_all": {},
            "version_id": "",
            "website_redirect": ""
          },
          "sensitive_attributes": [],
          "identity_schema_version": 0,
          "identity": {
            "account_id": "487620625761",
            "bucket": "tts-project-azubi-priscillaon",
            "key": "add.html",
            "region": "us-east-2"
          },
          "private": "bnVsbA==",
          "dependencies": [
            "module.s3_web.aws_s3_bucket.static_site"
          ]
        },
        {
          "index_key": "error.html",
          "schema_version": 0,
          "attributes": {
            "acl": null,
            "arn": "arn:aws:s3:::tts-project-azubi-priscillaon/error.html",
            "bucket": "tts-project-azubi-priscillaon",
            "bucket_key_enabled": false,
            "cache_control": "",
            "checksum_algorithm": null,
            "checksum_crc32": "",
            "checksum_crc32c": "",
            "checksum_crc64nvme": "",
            "checksum_sha1": "",
            "checksum_sha256": "",
            "content": null,
            "content_base64": null,
            "content_disposition": "",
            "content_encoding": "",
            "content_language": "",
            "content_type": "text/html",
            "etag": "d577f22865dbba3189c601656da07201",
            "force_destroy": false,
            "id": "tts-project-azubi-priscillaon/error.html",
            "key": "error.html",
            "kms_key_id": null,
            "metadata": {},
            "object_lock_legal_hold_status": "",
            "object_lock_mode": "",
            "object_lock_retain_until_date": "",
            "override_provider": [],
            "region": "us-east-2",
            "server_side_encryption": "AES256",
            "source": "modules/s3_web/website/error.html",
            "source_hash": null,
            "storage_class": "STANDARD",
            "tags": {},
            "tags_all": {},
            "version_id": "",
            "website_redirect": ""
          },
          "sensitive_attributes": [],
          "identity_schema_version": 0,
          "identity": {
            "account_id": "487620625761",
            "bucket": "tts-project-azubi-priscillaon",
            "key": "error.html",
            "region": "us-east-2"
          },
          "private": "bnVsbA==",
          "dependencies": [
            "module.s3_web.aws_s3_bucket.static_site"
          ]
        },
        {
          "index_key": "forgotpassword.css",
          "schema_version": 0,
          "attributes": {
            "acl": null,
            "arn": "arn:aws:s3:::tts-project-azubi-priscillaon/forgotpassword.css",
            "bucket": "tts-project-azubi-priscillaon",
            "bucket_key_enabled": false,
            "cache_control": "",
            "checksum_algorithm": null,
            "checksum_crc32": "",
            "checksum_crc32c": "",
            "checksum_crc64nvme": "",
            "checksum_sha1": "",
            "checksum_sha256": "",
            "content": null,
            "content_base64": null,
            "content_disposition": "",
            "content_encoding": "",
            "content_language": "",
            "content_type": "text/css",
            "etag": "2b2933b6e9950011373d1e9d23801cdf",
            "force_destroy": false,
            "id": "tts-project-azubi-priscillaon/forgotpassword.css",
            "key": "forgotpassword.css",
            "kms_key_id": null,
            "metadata": {},
            "object_lock_legal_hold_status": "",
            "object_lock_mode": "",
            "object_lock_retain_until_date": "",
            "override_provider": [],
            "region": "us-east-2",
            "server_side_encryption": "AES256",
            "source": "modules/s3_web/website/forgotpassword.css",
            "source_hash": null,
            "storage_class": "STANDARD",
            "tags": {},
            "tags_all": {},
            "version_id": "",
            "website_redirect": ""
          },
          "sensitive_attributes": [],
          "identity_schema_version": 0,
          "identity": {
            "account_id": "487620625761",
            "bucket": "tts-project-azubi-priscillaon",
            "key": "forgotpassword.css",
            "region": "us-east-2"
          },
          "private": "bnVsbA==",
          "dependencies": [
            "module.s3_web.aws_s3_bucket.static_site"
          ]
        },
        {
          "index_key": "forgotpassword.html",
          "schema_version": 0,
          "attributes": {
            "acl": null,
            "arn": "arn:aws:s3:::tts-project-azubi-priscillaon/forgotpassword.html",
            "bucket": "tts-project-azubi-priscillaon",
            "bucket_key_enabled": false,
            "cache_control": "",
            "checksum_algorithm": null,
            "checksum_crc32": "",
            "checksum_crc32c": "",
            "checksum_crc64nvme": "",
            "checksum_sha1": "",
            "checksum_sha256": "",
            "content": null,
            "content_base64": null,
            "content_disposition": "",
            "content_encoding": "",
            "content_language": "",
            "content_type": "text/html",
            "etag": "82dfa48bf1ce0453105599731c84396a",
            "force_destroy": false,
            "id": "tts-project-azubi-priscillaon/forgotpassword.html",
            "key": "forgotpassword.html",
            "kms_key_id": null,
            "metadata": {},
            "object_lock_legal_hold_status": "",
            "object_lock_mode": "",
            "object_lock_retain_until_date": "",
            "override_provider": [],
            "region": "us-east-2",
            "server_side_encryption": "AES256",
            "source": "modules/s3_web/website/forgotpassword.html",
            "source_hash": null,
            "storage_class": "STANDARD",
            "tags": {},
            "tags_all": {},
            "version_id": "",
            "website_redirect": ""
          },
          "sensitive_attributes": [],
          "identity_schema_version": 0,
          "identity": {
            "account_id": "487620625761",
            "bucket": "tts-project-azubi-priscillaon",
            "key": "forgotpassword.html",
            "region": "us-east-2"
          },
          "private": "bnVsbA==",
          "dependencies": [
            "module.s3_web.aws_s3_bucket.static_site"
          ]
        },
        {
          "index_key": "item.html",
          "schema_version": 0,
          "attributes": {
            "acl": null,
            "arn": "arn:aws:s3:::tts-project-azubi-priscillaon/item.html",
            "bucket": "tts-project-azubi-priscillaon",
            "bucket_key_enabled": false,
            "cache_control": "",
            "checksum_algorithm": null,
            "checksum_crc32": "",
            "checksum_crc32c": "",
            "checksum_crc64nvme": "",
            "checksum_sha1": "",
            "checksum_sha256": "",
            "content": null,
            "content_base64": null,
            "content_disposition": "",
            "content_encoding": "",
            "content_language": "",
            "content_type": "text/html",
            "etag": "b942fa1e031141b94c035d680876ae97",
            "force_destroy": false,
            "id": "tts-project-azubi-priscillaon/item.html",
            "key": "item.html",
            "kms_key_id": null,
            "metadata": {},
            "object_lock_legal_hold_status": "",
            "object_lock_mode": "",
            "object_lock_retain_until_date": "",
            "override_provider": [],
            "region": "us-east-2",
            "server_side_encryption": "AES256",
            "source": "modules/s3_web/website/item.html",
            "source_hash": null,
            "storage_class": "STANDARD",
            "tags": {},
            "tags_all": {},
            "version_id": "",
            "website_redirect": ""
          },
          "sensitive_attributes": [],
          "identity_schema_version": 0,
          "identity": {
            "account_id": "487620625761",
            "bucket": "tts-project-azubi-priscillaon",
            "key": "item.html",
            "region": "us-east-2"
          },
          "private": "bnVsbA==",
          "dependencies": [
            "module.s3_web.aws_s3_bucket.static_site"
          ]
        },
        {
          "index_key": "password.css",
          "schema_version": 0,
          "attributes": {
            "acl": null,
            "arn": "arn:aws:s3:::tts-project-azubi-priscillaon/password.css",
            "bucket": "tts-project-azubi-priscillaon",
            "bucket_key_enabled": false,
            "cache_control": "",
            "checksum_algorithm": null,
            "checksum_crc32": "",
            "checksum_crc32c": "",
            "checksum_crc64nvme": "",
            "checksum_sha1": "",
            "checksum_sha256": "",
            "content": null,
            "content_base64": null,
            "content_disposition": "",
            "content_encoding": "",
            "content_language": "",
            "content_type": "text/css",
            "etag": "d851227039391095ba0896455ef7ffdc",
            "force_destroy": false,
            "id": "tts-project-azubi-priscillaon/password.css",
            "key": "password.css",
            "kms_key_id": null,
            "metadata": {},
            "object_lock_legal_hold_status": "",
            "object_lock_mode": "",
            "object_lock_retain_until_date": "",
            "override_provider": [],
            "region": "us-east-2",
            "server_side_encryption": "AES256",
            "source": "modules/s3_web/website/password.css",
            "source_hash": null,
            "storage_class": "STANDARD",
            "tags": {},
            "tags_all": {},
            "version_id": "",
            "website_redirect": ""
          },
          "sensitive_attributes": [],
          "identity_schema_version": 0,
          "identity": {
            "account_id": "487620625761",
            "bucket": "tts-project-azubi-priscillaon",
            "key": "password.css",
            "region": "us-east-2"
          },
          "private": "bnVsbA==",
          "dependencies": [
            "module.s3_web.aws_s3_bucket.static_site"
          ]
        },
        {
          "index_key": "style.css",
          "schema_version": 0,
          "attributes": {
            "acl": null,
            "arn": "arn:aws:s3:::tts-project-azubi-priscillaon/style.css",
            "bucket": "tts-project-azubi-priscillaon",
            "bucket_key_enabled": false,
            "cache_control": "",
            "checksum_algorithm": null,
            "checksum_crc32": "",
            "checksum_crc32c": "",
            "checksum_crc64nvme": "",
            "checksum_sha1": "",
            "checksum_sha256": "",
            "content": null,
            "content_base64": null,
            "content_disposition": "",
            "content_encoding": "",
            "content_language": "",
            "content_type": "text/css",
            "etag": "1eaf8b8e73f35ad753b4fa1bf6b5aea3",
            "force_destroy": false,
            "id": "tts-project-azubi-priscillaon/style.css",
            "key": "style.css",
            "kms_key_id": null,
            "metadata": {},
            "object_lock_legal_hold_status": "",
            "object_lock_mode": "",
            "object_lock_retain_until_date": "",
            "override_provider": [],
            "region": "us-east-2",
            "server_side_encryption": "AES256",
            "source": "modules/s3_web/website/style.css",
            "source_hash": null,
            "storage_class": "STANDARD",
            "tags": {},
            "tags_all": {},
            "version_id": "",
            "website_redirect": ""
          },
          "sensitive_attributes": [],
          "identity_schema_version": 0,
          "identity": {
            "account_id": "487620625761",
            "bucket": "tts-project-azubi-priscillaon",
            "key": "style.css",
            "region": "us-east-2"
          },
          "private": "bnVsbA==",
          "dependencies": [
            "module.s3_web.aws_s3_bucket.static_site"
          ]
        }
      ]
    }
  ],
  "check_results": null
}
